<?xml version="1.0" encoding="utf-8"?>
<Project ToolsVersion="17.0" xmlns="http://schemas.microsoft.com/developer/msbuild/2003">
  <ItemGroup>
    <CustomBuild Include="C:\Build\laba4\CMakeFiles\411a8e674a30f35fe2636e03a2673f42\generate.stamp.rule">
      <Filter>CMake Rules</Filter>
    </CustomBuild>
  </ItemGroup>
  <ItemGroup>
    <Filter Include="CMake Rules">
      <UniqueIdentifier>{D25B7854-EF4C-35BD-9F29-598D925059B6}</UniqueIdentifier>
    </Filter>
  </ItemGroup>
</Project>
